
Microsoft Visual Studio Solution File, Format Version 12.00
# Visual Studio Version 17
VisualStudioVersion = 17.3.32819.101
MinimumVisualStudioVersion = 10.0.40219.1
Project("{FAE04EC0-301F-11D3-BF4B-00C04F79EFBC}") = "DS_Stack_Queue", "DS_Stack_Queue.csproj", "{2E34999F-78CE-40E7-B334-FF5880505533}"
EndProject
Global
	GlobalSection(SolutionConfigurationPlatforms) = preSolution
		Debug|Any CPU = Debug|Any CPU
		Release|Any CPU = Release|Any CPU
	EndGlobalSection
	GlobalSection(ProjectConfigurationPlatforms) = postSolution
		{2E34999F-78CE-40E7-B334-FF5880505533}.Debug|Any CPU.ActiveCfg = Debug|Any CPU
		{2E34999F-78CE-40E7-B334-FF5880505533}.Debug|Any CPU.Build.0 = Debug|Any CPU
		{2E34999F-78CE-40E7-B334-FF5880505533}.Release|Any CPU.ActiveCfg = Release|Any CPU
		{2E34999F-78CE-40E7-B334-FF5880505533}.Release|Any CPU.Build.0 = Release|Any CPU
	EndGlobalSection
	GlobalSection(SolutionProperties) = preSolution
		HideSolutionNode = FALSE
	EndGlobalSection
	GlobalSection(ExtensibilityGlobals) = postSolution
		SolutionGuid = {DC372DAD-73FB-40C8-B59C-1493786FA9F8}
	EndGlobalSection
EndGlobal
